// !$*UTF8*$!
{
	archiveVersion = 1;
	classes = {
	};
	objectVersion = 51;
	objects = {

/* Begin PBXBuildFile section */
		133CBC5F21F6BF96008722F1 /* TestApi.m in Sources */ = {isa = PBXBuildFile; fileRef = 133CBC5E21F6BF95008722F1 /* TestApi.m */; };
		133CBC6121F7F4B1008722F1 /* Foundation+Log.m in Sources */ = {isa = PBXBuildFile; fileRef = 133CBC6021F7F4B1008722F1 /* Foundation+Log.m */; };
		133CBC6421F86789008722F1 /* UploadApi.m in Sources */ = {isa = PBXBuildFile; fileRef = 133CBC6321F86789008722F1 /* UploadApi.m */; };
		133CBC6621F86C6C008722F1 /* 666.jpg in Resources */ = {isa = PBXBuildFile; fileRef = 133CBC6521F86C6C008722F1 /* 666.jpg */; };
		1376D4E921F1A37500A24345 /* AppDelegate.m in Sources */ = {isa = PBXBuildFile; fileRef = 1376D4E821F1A37500A24345 /* AppDelegate.m */; };
		1376D4EC21F1A37500A24345 /* ViewController.m in Sources */ = {isa = PBXBuildFile; fileRef = 1376D4EB21F1A37500A24345 /* ViewController.m */; };
		1376D4EF21F1A37500A24345 /* Main.storyboard in Resources */ = {isa = PBXBuildFile; fileRef = 1376D4ED21F1A37500A24345 /* Main.storyboard */; };
		1376D4F121F1A37900A24345 /* Assets.xcassets in Resources */ = {isa = PBXBuildFile; fileRef = 1376D4F021F1A37900A24345 /* Assets.xcassets */; };
		1376D4F421F1A37900A24345 /* LaunchScreen.storyboard in Resources */ = {isa = PBXBuildFile; fileRef = 1376D4F221F1A37900A24345 /* LaunchScreen.storyboard */; };
		1376D4F721F1A37900A24345 /* main.m in Sources */ = {isa = PBXBuildFile; fileRef = 1376D4F621F1A37900A24345 /* main.m */; };
		13C1A06C230BD2FC006D130F /* IOAResultKeyModel.m in Sources */ = {isa = PBXBuildFile; fileRef = 13C1A05F230BD2FB006D130F /* IOAResultKeyModel.m */; };
		13C1A06D230BD2FC006D130F /* IOAResponse.m in Sources */ = {isa = PBXBuildFile; fileRef = 13C1A062230BD2FB006D130F /* IOAResponse.m */; };
		13C1A06E230BD2FC006D130F /* IOAApiHelper.m in Sources */ = {isa = PBXBuildFile; fileRef = 13C1A065230BD2FB006D130F /* IOAApiHelper.m */; };
		13C1A06F230BD2FC006D130F /* IOANetworkManager.m in Sources */ = {isa = PBXBuildFile; fileRef = 13C1A066230BD2FB006D130F /* IOANetworkManager.m */; };
		13C1A070230BD2FC006D130F /* IOARequest.m in Sources */ = {isa = PBXBuildFile; fileRef = 13C1A068230BD2FB006D130F /* IOARequest.m */; };
		13C1A071230BD2FC006D130F /* AFJSONResponseSerializer+Addition.m in Sources */ = {isa = PBXBuildFile; fileRef = 13C1A06B230BD2FC006D130F /* AFJSONResponseSerializer+Addition.m */; };
		13DF239422A7CB2F00FCCF0E /* IOARequestCus.m in Sources */ = {isa = PBXBuildFile; fileRef = 13DF239322A7CB2F00FCCF0E /* IOARequestCus.m */; };
		CF2A8365FADC1A41CE395D99 /* libPods-IOAApiManager.a in Frameworks */ = {isa = PBXBuildFile; fileRef = DB7F9A1CA542D13EA4DD0B1D /* libPods-IOAApiManager.a */; };
/* End PBXBuildFile section */

/* Begin PBXFileReference section */
		133CBC5D21F6BF95008722F1 /* TestApi.h */ = {isa = PBXFileReference; lastKnownFileType = sourcecode.c.h; path = TestApi.h; sourceTree = "<group>"; };
		133CBC5E21F6BF95008722F1 /* TestApi.m */ = {isa = PBXFileReference; lastKnownFileType = sourcecode.c.objc; path = TestApi.m; sourceTree = "<group>"; };
		133CBC6021F7F4B1008722F1 /* Foundation+Log.m */ = {isa = PBXFileReference; fileEncoding = 4; lastKnownFileType = sourcecode.c.objc; path = "Foundation+Log.m"; sourceTree = "<group>"; };
		133CBC6221F86789008722F1 /* UploadApi.h */ = {isa = PBXFileReference; lastKnownFileType = sourcecode.c.h; path = UploadApi.h; sourceTree = "<group>"; };
		133CBC6321F86789008722F1 /* UploadApi.m */ = {isa = PBXFileReference; lastKnownFileType = sourcecode.c.objc; path = UploadApi.m; sourceTree = "<group>"; };
		133CBC6521F86C6C008722F1 /* 666.jpg */ = {isa = PBXFileReference; lastKnownFileType = image.jpeg; path = 666.jpg; sourceTree = "<group>"; };
		1376D4E421F1A37500A24345 /* IOAApiManager.app */ = {isa = PBXFileReference; explicitFileType = wrapper.application; includeInIndex = 0; path = IOAApiManager.app; sourceTree = BUILT_PRODUCTS_DIR; };
		1376D4E721F1A37500A24345 /* AppDelegate.h */ = {isa = PBXFileReference; lastKnownFileType = sourcecode.c.h; path = AppDelegate.h; sourceTree = "<group>"; };
		1376D4E821F1A37500A24345 /* AppDelegate.m */ = {isa = PBXFileReference; lastKnownFileType = sourcecode.c.objc; path = AppDelegate.m; sourceTree = "<group>"; };
		1376D4EA21F1A37500A24345 /* ViewController.h */ = {isa = PBXFileReference; lastKnownFileType = sourcecode.c.h; path = ViewController.h; sourceTree = "<group>"; };
		1376D4EB21F1A37500A24345 /* ViewController.m */ = {isa = PBXFileReference; lastKnownFileType = sourcecode.c.objc; path = ViewController.m; sourceTree = "<group>"; };
		1376D4EE21F1A37500A24345 /* Base */ = {isa = PBXFileReference; lastKnownFileType = file.storyboard; name = Base; path = Base.lproj/Main.storyboard; sourceTree = "<group>"; };
		1376D4F021F1A37900A24345 /* Assets.xcassets */ = {isa = PBXFileReference; lastKnownFileType = folder.assetcatalog; path = Assets.xcassets; sourceTree = "<group>"; };
		1376D4F321F1A37900A24345 /* Base */ = {isa = PBXFileReference; lastKnownFileType = file.storyboard; name = Base; path = Base.lproj/LaunchScreen.storyboard; sourceTree = "<group>"; };
		1376D4F521F1A37900A24345 /* Info.plist */ = {isa = PBXFileReference; lastKnownFileType = text.plist.xml; path = Info.plist; sourceTree = "<group>"; };
		1376D4F621F1A37900A24345 /* main.m */ = {isa = PBXFileReference; lastKnownFileType = sourcecode.c.objc; path = main.m; sourceTree = "<group>"; };
		13C1A05F230BD2FB006D130F /* IOAResultKeyModel.m */ = {isa = PBXFileReference; fileEncoding = 4; lastKnownFileType = sourcecode.c.objc; path = IOAResultKeyModel.m; sourceTree = "<group>"; };
		13C1A060230BD2FB006D130F /* IOAApiHelper.h */ = {isa = PBXFileReference; fileEncoding = 4; lastKnownFileType = sourcecode.c.h; path = IOAApiHelper.h; sourceTree = "<group>"; };
		13C1A061230BD2FB006D130F /* AFJSONResponseSerializer+Addition.h */ = {isa = PBXFileReference; fileEncoding = 4; lastKnownFileType = sourcecode.c.h; path = "AFJSONResponseSerializer+Addition.h"; sourceTree = "<group>"; };
		13C1A062230BD2FB006D130F /* IOAResponse.m */ = {isa = PBXFileReference; fileEncoding = 4; lastKnownFileType = sourcecode.c.objc; path = IOAResponse.m; sourceTree = "<group>"; };
		13C1A063230BD2FB006D130F /* IOAResultKeyModel.h */ = {isa = PBXFileReference; fileEncoding = 4; lastKnownFileType = sourcecode.c.h; path = IOAResultKeyModel.h; sourceTree = "<group>"; };
		13C1A064230BD2FB006D130F /* IOARequest.h */ = {isa = PBXFileReference; fileEncoding = 4; lastKnownFileType = sourcecode.c.h; path = IOARequest.h; sourceTree = "<group>"; };
		13C1A065230BD2FB006D130F /* IOAApiHelper.m */ = {isa = PBXFileReference; fileEncoding = 4; lastKnownFileType = sourcecode.c.objc; path = IOAApiHelper.m; sourceTree = "<group>"; };
		13C1A066230BD2FB006D130F /* IOANetworkManager.m */ = {isa = PBXFileReference; fileEncoding = 4; lastKnownFileType = sourcecode.c.objc; path = IOANetworkManager.m; sourceTree = "<group>"; };
		13C1A067230BD2FB006D130F /* IOAApiManager.h */ = {isa = PBXFileReference; fileEncoding = 4; lastKnownFileType = sourcecode.c.h; path = IOAApiManager.h; sourceTree = "<group>"; };
		13C1A068230BD2FB006D130F /* IOARequest.m */ = {isa = PBXFileReference; fileEncoding = 4; lastKnownFileType = sourcecode.c.objc; path = IOARequest.m; sourceTree = "<group>"; };
		13C1A069230BD2FB006D130F /* IOAResponse.h */ = {isa = PBXFileReference; fileEncoding = 4; lastKnownFileType = sourcecode.c.h; path = IOAResponse.h; sourceTree = "<group>"; };
		13C1A06A230BD2FC006D130F /* IOANetworkManager.h */ = {isa = PBXFileReference; fileEncoding = 4; lastKnownFileType = sourcecode.c.h; path = IOANetworkManager.h; sourceTree = "<group>"; };
		13C1A06B230BD2FC006D130F /* AFJSONResponseSerializer+Addition.m */ = {isa = PBXFileReference; fileEncoding = 4; lastKnownFileType = sourcecode.c.objc; path = "AFJSONResponseSerializer+Addition.m"; sourceTree = "<group>"; };
		13DF239222A7CB2E00FCCF0E /* IOARequestCus.h */ = {isa = PBXFileReference; fileEncoding = 4; lastKnownFileType = sourcecode.c.h; path = IOARequestCus.h; sourceTree = "<group>"; };
		13DF239322A7CB2F00FCCF0E /* IOARequestCus.m */ = {isa = PBXFileReference; fileEncoding = 4; lastKnownFileType = sourcecode.c.objc; path = IOARequestCus.m; sourceTree = "<group>"; };
		223CB5903FD3E8E9A9A29B79 /* Pods-IOAApiManager.release.xcconfig */ = {isa = PBXFileReference; includeInIndex = 1; lastKnownFileType = text.xcconfig; name = "Pods-IOAApiManager.release.xcconfig"; path = "Pods/Target Support Files/Pods-IOAApiManager/Pods-IOAApiManager.release.xcconfig"; sourceTree = "<group>"; };
		261281977ECFA766883B0897 /* Pods-HXNetUtil.release.xcconfig */ = {isa = PBXFileReference; includeInIndex = 1; lastKnownFileType = text.xcconfig; name = "Pods-HXNetUtil.release.xcconfig"; path = "Pods/Target Support Files/Pods-HXNetUtil/Pods-HXNetUtil.release.xcconfig"; sourceTree = "<group>"; };
		92AB5DC01B8D05D283DD07F1 /* Pods-IOAApiManager.debug.xcconfig */ = {isa = PBXFileReference; includeInIndex = 1; lastKnownFileType = text.xcconfig; name = "Pods-IOAApiManager.debug.xcconfig"; path = "Pods/Target Support Files/Pods-IOAApiManager/Pods-IOAApiManager.debug.xcconfig"; sourceTree = "<group>"; };
		D7E7059E0B74837C3E254E3D /* Pods-HXNetUtil.debug.xcconfig */ = {isa = PBXFileReference; includeInIndex = 1; lastKnownFileType = text.xcconfig; name = "Pods-HXNetUtil.debug.xcconfig"; path = "Pods/Target Support Files/Pods-HXNetUtil/Pods-HXNetUtil.debug.xcconfig"; sourceTree = "<group>"; };
		DB7F9A1CA542D13EA4DD0B1D /* libPods-IOAApiManager.a */ = {isa = PBXFileReference; explicitFileType = archive.ar; includeInIndex = 0; path = "libPods-IOAApiManager.a"; sourceTree = BUILT_PRODUCTS_DIR; };
/* End PBXFileReference section */

/* Begin PBXFrameworksBuildPhase section */
		1376D4E121F1A37500A24345 /* Frameworks */ = {
			isa = PBXFrameworksBuildPhase;
			buildActionMask = 2147483647;
			files = (
				CF2A8365FADC1A41CE395D99 /* libPods-IOAApiManager.a in Frameworks */,
			);
			runOnlyForDeploymentPostprocessing = 0;
		};
/* End PBXFrameworksBuildPhase section */

/* Begin PBXGroup section */
		133CBC5C21F6BF7E008722F1 /* TestApi */ = {
			isa = PBXGroup;
			children = (
				13DF239222A7CB2E00FCCF0E /* IOARequestCus.h */,
				13DF239322A7CB2F00FCCF0E /* IOARequestCus.m */,
				133CBC6521F86C6C008722F1 /* 666.jpg */,
				133CBC5D21F6BF95008722F1 /* TestApi.h */,
				133CBC5E21F6BF95008722F1 /* TestApi.m */,
				133CBC6221F86789008722F1 /* UploadApi.h */,
				133CBC6321F86789008722F1 /* UploadApi.m */,
			);
			path = TestApi;
			sourceTree = "<group>";
		};
		1376D4DB21F1A37500A24345 = {
			isa = PBXGroup;
			children = (
				1376D4E621F1A37500A24345 /* IOAApiManagerDemo */,
				1376D4E521F1A37500A24345 /* Products */,
				93512DB08DBF7163A25017D3 /* Pods */,
				26D916A67319AFBF8D736A40 /* Frameworks */,
			);
			sourceTree = "<group>";
		};
		1376D4E521F1A37500A24345 /* Products */ = {
			isa = PBXGroup;
			children = (
				1376D4E421F1A37500A24345 /* IOAApiManager.app */,
			);
			name = Products;
			sourceTree = "<group>";
		};
		1376D4E621F1A37500A24345 /* IOAApiManagerDemo */ = {
			isa = PBXGroup;
			children = (
				133CBC5C21F6BF7E008722F1 /* TestApi */,
				1376D4FD21F1A5BA00A24345 /* IOAApiManager */,
				1376D4E721F1A37500A24345 /* AppDelegate.h */,
				1376D4E821F1A37500A24345 /* AppDelegate.m */,
				1376D4EA21F1A37500A24345 /* ViewController.h */,
				1376D4EB21F1A37500A24345 /* ViewController.m */,
				133CBC6021F7F4B1008722F1 /* Foundation+Log.m */,
				1376D4ED21F1A37500A24345 /* Main.storyboard */,
				1376D4F021F1A37900A24345 /* Assets.xcassets */,
				1376D4F221F1A37900A24345 /* LaunchScreen.storyboard */,
				1376D4F521F1A37900A24345 /* Info.plist */,
				1376D4F621F1A37900A24345 /* main.m */,
			);
			path = IOAApiManagerDemo;
			sourceTree = "<group>";
		};
		1376D4FD21F1A5BA00A24345 /* IOAApiManager */ = {
			isa = PBXGroup;
			children = (
				13C1A061230BD2FB006D130F /* AFJSONResponseSerializer+Addition.h */,
				13C1A06B230BD2FC006D130F /* AFJSONResponseSerializer+Addition.m */,
				13C1A060230BD2FB006D130F /* IOAApiHelper.h */,
				13C1A065230BD2FB006D130F /* IOAApiHelper.m */,
				13C1A067230BD2FB006D130F /* IOAApiManager.h */,
				13C1A06A230BD2FC006D130F /* IOANetworkManager.h */,
				13C1A066230BD2FB006D130F /* IOANetworkManager.m */,
				13C1A064230BD2FB006D130F /* IOARequest.h */,
				13C1A068230BD2FB006D130F /* IOARequest.m */,
				13C1A069230BD2FB006D130F /* IOAResponse.h */,
				13C1A062230BD2FB006D130F /* IOAResponse.m */,
				13C1A063230BD2FB006D130F /* IOAResultKeyModel.h */,
				13C1A05F230BD2FB006D130F /* IOAResultKeyModel.m */,
			);
			path = IOAApiManager;
			sourceTree = "<group>";
		};
		26D916A67319AFBF8D736A40 /* Frameworks */ = {
			isa = PBXGroup;
			children = (
				DB7F9A1CA542D13EA4DD0B1D /* libPods-IOAApiManager.a */,
			);
			name = Frameworks;
			sourceTree = "<group>";
		};
		93512DB08DBF7163A25017D3 /* Pods */ = {
			isa = PBXGroup;
			children = (
				D7E7059E0B74837C3E254E3D /* Pods-HXNetUtil.debug.xcconfig */,
				261281977ECFA766883B0897 /* Pods-HXNetUtil.release.xcconfig */,
				92AB5DC01B8D05D283DD07F1 /* Pods-IOAApiManager.debug.xcconfig */,
				223CB5903FD3E8E9A9A29B79 /* Pods-IOAApiManager.release.xcconfig */,
			);
			name = Pods;
			sourceTree = "<group>";
		};
/* End PBXGroup section */

/* Begin PBXNativeTarget section */
		1376D4E321F1A37500A24345 /* IOAApiManager */ = {
			isa = PBXNativeTarget;
			buildConfigurationList = 1376D4FA21F1A37900A24345 /* Build configuration list for PBXNativeTarget "IOAApiManager" */;
			buildPhases = (
				8DA772444B9634886E37487D /* [CP] Check Pods Manifest.lock */,
				1376D4E021F1A37500A24345 /* Sources */,
				1376D4E121F1A37500A24345 /* Frameworks */,
				1376D4E221F1A37500A24345 /* Resources */,
				0332485F46127E2AE4DAF28D /* [CP] Copy Pods Resources */,
			);
			buildRules = (
			);
			dependencies = (
			);
			name = IOAApiManager;
			productName = HXNetUtil;
			productReference = 1376D4E421F1A37500A24345 /* IOAApiManager.app */;
			productType = "com.apple.product-type.application";
		};
/* End PBXNativeTarget section */

/* Begin PBXProject section */
		1376D4DC21F1A37500A24345 /* Project object */ = {
			isa = PBXProject;
			attributes = {
				LastUpgradeCheck = 0940;
				ORGANIZATIONNAME = ghx;
				TargetAttributes = {
					1376D4E321F1A37500A24345 = {
						CreatedOnToolsVersion = 9.4.1;
					};
				};
			};
			buildConfigurationList = 1376D4DF21F1A37500A24345 /* Build configuration list for PBXProject "IOAApiManager" */;
			compatibilityVersion = "Xcode 9.3";
			developmentRegion = en;
			hasScannedForEncodings = 0;
			knownRegions = (
				en,
				Base,
			);
			mainGroup = 1376D4DB21F1A37500A24345;
			productRefGroup = 1376D4E521F1A37500A24345 /* Products */;
			projectDirPath = "";
			projectRoot = "";
			targets = (
				1376D4E321F1A37500A24345 /* IOAApiManager */,
			);
		};
/* End PBXProject section */

/* Begin PBXResourcesBuildPhase section */
		1376D4E221F1A37500A24345 /* Resources */ = {
			isa = PBXResourcesBuildPhase;
			buildActionMask = 2147483647;
			files = (
				133CBC6621F86C6C008722F1 /* 666.jpg in Resources */,
				1376D4F421F1A37900A24345 /* LaunchScreen.storyboard in Resources */,
				1376D4F121F1A37900A24345 /* Assets.xcassets in Resources */,
				1376D4EF21F1A37500A24345 /* Main.storyboard in Resources */,
			);
			runOnlyForDeploymentPostprocessing = 0;
		};
/* End PBXResourcesBuildPhase section */

/* Begin PBXShellScriptBuildPhase section */
		0332485F46127E2AE4DAF28D /* [CP] Copy Pods Resources */ = {
			isa = PBXShellScriptBuildPhase;
			buildActionMask = 2147483647;
			files = (
			);
			inputFileListPaths = (
				"${PODS_ROOT}/Target Support Files/Pods-IOAApiManager/Pods-IOAApiManager-resources-${CONFIGURATION}-input-files.xcfilelist",
			);
			name = "[CP] Copy Pods Resources";
			outputFileListPaths = (
				"${PODS_ROOT}/Target Support Files/Pods-IOAApiManager/Pods-IOAApiManager-resources-${CONFIGURATION}-output-files.xcfilelist",
			);
			runOnlyForDeploymentPostprocessing = 0;
			shellPath = /bin/sh;
			shellScript = "\"${PODS_ROOT}/Target Support Files/Pods-IOAApiManager/Pods-IOAApiManager-resources.sh\"\n";
			showEnvVarsInLog = 0;
		};
		8DA772444B9634886E37487D /* [CP] Check Pods Manifest.lock */ = {
			isa = PBXShellScriptBuildPhase;
			buildActionMask = 2147483647;
			files = (
			);
			inputPaths = (
				"${PODS_PODFILE_DIR_PATH}/Podfile.lock",
				"${PODS_ROOT}/Manifest.lock",
			);
			name = "[CP] Check Pods Manifest.lock";
			outputPaths = (
				"$(DERIVED_FILE_DIR)/Pods-IOAApiManager-checkManifestLockResult.txt",
			);
			runOnlyForDeploymentPostprocessing = 0;
			shellPath = /bin/sh;
			shellScript = "diff \"${PODS_PODFILE_DIR_PATH}/Podfile.lock\" \"${PODS_ROOT}/Manifest.lock\" > /dev/null\nif [ $? != 0 ] ; then\n    # print error to STDERR\n    echo \"error: The sandbox is not in sync with the Podfile.lock. Run 'pod install' or update your CocoaPods installation.\" >&2\n    exit 1\nfi\n# This output is used by Xcode 'outputs' to avoid re-running this script phase.\necho \"SUCCESS\" > \"${SCRIPT_OUTPUT_FILE_0}\"\n";
			showEnvVarsInLog = 0;
		};
/* End PBXShellScriptBuildPhase section */

/* Begin PBXSourcesBuildPhase section */
		1376D4E021F1A37500A24345 /* Sources */ = {
			isa = PBXSourcesBuildPhase;
			buildActionMask = 2147483647;
			files = (
				13C1A070230BD2FC006D130F /* IOARequest.m in Sources */,
				13C1A06C230BD2FC006D130F /* IOAResultKeyModel.m in Sources */,
				13C1A06F230BD2FC006D130F /* IOANetworkManager.m in Sources */,
				13DF239422A7CB2F00FCCF0E /* IOARequestCus.m in Sources */,
				133CBC6121F7F4B1008722F1 /* Foundation+Log.m in Sources */,
				1376D4EC21F1A37500A24345 /* ViewController.m in Sources */,
				13C1A06E230BD2FC006D130F /* IOAApiHelper.m in Sources */,
				1376D4F721F1A37900A24345 /* main.m in Sources */,
				133CBC5F21F6BF96008722F1 /* TestApi.m in Sources */,
				133CBC6421F86789008722F1 /* UploadApi.m in Sources */,
				13C1A06D230BD2FC006D130F /* IOAResponse.m in Sources */,
				1376D4E921F1A37500A24345 /* AppDelegate.m in Sources */,
				13C1A071230BD2FC006D130F /* AFJSONResponseSerializer+Addition.m in Sources */,
			);
			runOnlyForDeploymentPostprocessing = 0;
		};
/* End PBXSourcesBuildPhase section */

/* Begin PBXVariantGroup section */
		1376D4ED21F1A37500A24345 /* Main.storyboard */ = {
			isa = PBXVariantGroup;
			children = (
				1376D4EE21F1A37500A24345 /* Base */,
			);
			name = Main.storyboard;
			sourceTree = "<group>";
		};
		1376D4F221F1A37900A24345 /* LaunchScreen.storyboard */ = {
			isa = PBXVariantGroup;
			children = (
				1376D4F321F1A37900A24345 /* Base */,
			);
			name = LaunchScreen.storyboard;
			sourceTree = "<group>";
		};
/* End PBXVariantGroup section */

/* Begin XCBuildConfiguration section */
		1376D4F821F1A37900A24345 /* Debug */ = {
			isa = XCBuildConfiguration;
			buildSettings = {
				ALWAYS_SEARCH_USER_PATHS = NO;
				CLANG_ANALYZER_NONNULL = YES;
				CLANG_ANALYZER_NUMBER_OBJECT_CONVERSION = YES_AGGRESSIVE;
				CLANG_CXX_LANGUAGE_STANDARD = "gnu++14";
				CLANG_CXX_LIBRARY = "libc++";
				CLANG_ENABLE_MODULES = YES;
				CLANG_ENABLE_OBJC_ARC = YES;
				CLANG_ENABLE_OBJC_WEAK = YES;
				CLANG_WARN_BLOCK_CAPTURE_AUTORELEASING = YES;
				CLANG_WARN_BOOL_CONVERSION = YES;
				CLANG_WARN_COMMA = YES;
				CLANG_WARN_CONSTANT_CONVERSION = YES;
				CLANG_WARN_DEPRECATED_OBJC_IMPLEMENTATIONS = YES;
				CLANG_WARN_DIRECT_OBJC_ISA_USAGE = YES_ERROR;
				CLANG_WARN_DOCUMENTATION_COMMENTS = YES;
				CLANG_WARN_EMPTY_BODY = YES;
				CLANG_WARN_ENUM_CONVERSION = YES;
				CLANG_WARN_INFINITE_RECURSION = YES;
				CLANG_WARN_INT_CONVERSION = YES;
				CLANG_WARN_NON_LITERAL_NULL_CONVERSION = YES;
				CLANG_WARN_OBJC_IMPLICIT_RETAIN_SELF = YES;
				CLANG_WARN_OBJC_LITERAL_CONVERSION = YES;
				CLANG_WARN_OBJC_ROOT_CLASS = YES_ERROR;
				CLANG_WARN_RANGE_LOOP_ANALYSIS = YES;
				CLANG_WARN_STRICT_PROTOTYPES = YES;
				CLANG_WARN_SUSPICIOUS_MOVE = YES;
				CLANG_WARN_UNGUARDED_AVAILABILITY = YES_AGGRESSIVE;
				CLANG_WARN_UNREACHABLE_CODE = YES;
				CLANG_WARN__DUPLICATE_METHOD_MATCH = YES;
				CODE_SIGN_IDENTITY = "iPhone Developer";
				COPY_PHASE_STRIP = NO;
				DEBUG_INFORMATION_FORMAT = dwarf;
				ENABLE_STRICT_OBJC_MSGSEND = YES;
				ENABLE_TESTABILITY = YES;
				GCC_C_LANGUAGE_STANDARD = gnu11;
				GCC_DYNAMIC_NO_PIC = NO;
				GCC_NO_COMMON_BLOCKS = YES;
				GCC_OPTIMIZATION_LEVEL = 0;
				GCC_PREPROCESSOR_DEFINITIONS = (
					"DEBUG=1",
					"$(inherited)",
				);
				GCC_WARN_64_TO_32_BIT_CONVERSION = YES;
				GCC_WARN_ABOUT_RETURN_TYPE = YES_ERROR;
				GCC_WARN_UNDECLARED_SELECTOR = YES;
				GCC_WARN_UNINITIALIZED_AUTOS = YES_AGGRESSIVE;
				GCC_WARN_UNUSED_FUNCTION = YES;
				GCC_WARN_UNUSED_VARIABLE = YES;
				IPHONEOS_DEPLOYMENT_TARGET = 11.4;
				MTL_ENABLE_DEBUG_INFO = YES;
				ONLY_ACTIVE_ARCH = YES;
				SDKROOT = iphoneos;
			};
			name = Debug;
		};
		1376D4F921F1A37900A24345 /* Release */ = {
			isa = XCBuildConfiguration;
			buildSettings = {
				ALWAYS_SEARCH_USER_PATHS = NO;
				CLANG_ANALYZER_NONNULL = YES;
				CLANG_ANALYZER_NUMBER_OBJECT_CONVERSION = YES_AGGRESSIVE;
				CLANG_CXX_LANGUAGE_STANDARD = "gnu++14";
				CLANG_CXX_LIBRARY = "libc++";
				CLANG_ENABLE_MODULES = YES;
				CLANG_ENABLE_OBJC_ARC = YES;
				CLANG_ENABLE_OBJC_WEAK = YES;
				CLANG_WARN_BLOCK_CAPTURE_AUTORELEASING = YES;
				CLANG_WARN_BOOL_CONVERSION = YES;
				CLANG_WARN_COMMA = YES;
				CLANG_WARN_CONSTANT_CONVERSION = YES;
				CLANG_WARN_DEPRECATED_OBJC_IMPLEMENTATIONS = YES;
				CLANG_WARN_DIRECT_OBJC_ISA_USAGE = YES_ERROR;
				CLANG_WARN_DOCUMENTATION_COMMENTS = YES;
				CLANG_WARN_EMPTY_BODY = YES;
				CLANG_WARN_ENUM_CONVERSION = YES;
				CLANG_WARN_INFINITE_RECURSION = YES;
				CLANG_WARN_INT_CONVERSION = YES;
				CLANG_WARN_NON_LITERAL_NULL_CONVERSION = YES;
				CLANG_WARN_OBJC_IMPLICIT_RETAIN_SELF = YES;
				CLANG_WARN_OBJC_LITERAL_CONVERSION = YES;
				CLANG_WARN_OBJC_ROOT_CLASS = YES_ERROR;
				CLANG_WARN_RANGE_LOOP_ANALYSIS = YES;
				CLANG_WARN_STRICT_PROTOTYPES = YES;
				CLANG_WARN_SUSPICIOUS_MOVE = YES;
				CLANG_WARN_UNGUARDED_AVAILABILITY = YES_AGGRESSIVE;
				CLANG_WARN_UNREACHABLE_CODE = YES;
				CLANG_WARN__DUPLICATE_METHOD_MATCH = YES;
				CODE_SIGN_IDENTITY = "iPhone Developer";
				COPY_PHASE_STRIP = NO;
				DEBUG_INFORMATION_FORMAT = "dwarf-with-dsym";
				ENABLE_NS_ASSERTIONS = NO;
				ENABLE_STRICT_OBJC_MSGSEND = YES;
				GCC_C_LANGUAGE_STANDARD = gnu11;
				GCC_NO_COMMON_BLOCKS = YES;
				GCC_WARN_64_TO_32_BIT_CONVERSION = YES;
				GCC_WARN_ABOUT_RETURN_TYPE = YES_ERROR;
				GCC_WARN_UNDECLARED_SELECTOR = YES;
				GCC_WARN_UNINITIALIZED_AUTOS = YES_AGGRESSIVE;
				GCC_WARN_UNUSED_FUNCTION = YES;
				GCC_WARN_UNUSED_VARIABLE = YES;
				IPHONEOS_DEPLOYMENT_TARGET = 11.4;
				MTL_ENABLE_DEBUG_INFO = NO;
				SDKROOT = iphoneos;
				VALIDATE_PRODUCT = YES;
			};
			name = Release;
		};
		1376D4FB21F1A37900A24345 /* Debug */ = {
			isa = XCBuildConfiguration;
			baseConfigurationReference = 92AB5DC01B8D05D283DD07F1 /* Pods-IOAApiManager.debug.xcconfig */;
			buildSettings = {
				ASSETCATALOG_COMPILER_APPICON_NAME = AppIcon;
				CODE_SIGN_STYLE = Manual;
				DEVELOPMENT_TEAM = "";
				INFOPLIST_FILE = IOAApiManagerDemo/Info.plist;
				IPHONEOS_DEPLOYMENT_TARGET = 8.0;
				LD_RUNPATH_SEARCH_PATHS = (
					"$(inherited)",
					"@executable_path/Frameworks",
				);
				PRODUCT_BUNDLE_IDENTIFIER = com.ghx.HXNetUtil;
				PRODUCT_NAME = "$(TARGET_NAME)";
				PROVISIONING_PROFILE_SPECIFIER = "";
				TARGETED_DEVICE_FAMILY = "1,2";
			};
			name = Debug;
		};
		1376D4FC21F1A37900A24345 /* Release */ = {
			isa = XCBuildConfiguration;
			baseConfigurationReference = 223CB5903FD3E8E9A9A29B79 /* Pods-IOAApiManager.release.xcconfig */;
			buildSettings = {
				ASSETCATALOG_COMPILER_APPICON_NAME = AppIcon;
				CODE_SIGN_STYLE = Manual;
				DEVELOPMENT_TEAM = "";
				INFOPLIST_FILE = IOAApiManagerDemo/Info.plist;
				IPHONEOS_DEPLOYMENT_TARGET = 8.0;
				LD_RUNPATH_SEARCH_PATHS = (
					"$(inherited)",
					"@executable_path/Frameworks",
				);
				PRODUCT_BUNDLE_IDENTIFIER = com.ghx.HXNetUtil;
				PRODUCT_NAME = "$(TARGET_NAME)";
				PROVISIONING_PROFILE_SPECIFIER = "";
				TARGETED_DEVICE_FAMILY = "1,2";
			};
			name = Release;
		};
/* End XCBuildConfiguration section */

/* Begin XCConfigurationList section */
		1376D4DF21F1A37500A24345 /* Build configuration list for PBXProject "IOAApiManager" */ = {
			isa = XCConfigurationList;
			buildConfigurations = (
				1376D4F821F1A37900A24345 /* Debug */,
				1376D4F921F1A37900A24345 /* Release */,
			);
			defaultConfigurationIsVisible = 0;
			defaultConfigurationName = Release;
		};
		1376D4FA21F1A37900A24345 /* Build configuration list for PBXNativeTarget "IOAApiManager" */ = {
			isa = XCConfigurationList;
			buildConfigurations = (
				1376D4FB21F1A37900A24345 /* Debug */,
				1376D4FC21F1A37900A24345 /* Release */,
			);
			defaultConfigurationIsVisible = 0;
			defaultConfigurationName = Release;
		};
/* End XCConfigurationList section */
	};
	rootObject = 1376D4DC21F1A37500A24345 /* Project object */;
}
